dependencies:
- name: mongodb
  repository: https://charts.bitnami.com/bitnami
  version: 11.1.10
- name: keycloak
  repository: https://charts.bitnami.com/bitnami
  version: 7.1.17
digest: sha256:a8c16c4a1ddac2e99d3b00f4e6626770e2c62d950412813fbc10bde08ec54d9e
generated: "2022-04-26T19:25:33.549484+02:00"
