dependencies:
- name: mongodb
  repository: https://charts.bitnami.com/bitnami
  version: 11.1.10
- name: keycloak
  repository: https://charts.bitnami.com/bitnami
  version: 7.1.17
digest: sha256:d714029119cbe408da0779fd12e3edecf6059b87967d3c99cd6a982e57b4d36a
generated: "2022-04-26T20:07:56.0207102+02:00"
