dependencies:
- name: common
  repository: https://charts.bitnami.com/bitnami
  version: 1.13.1
- name: mongodb
  repository: https://charts.bitnami.com/bitnami
  version: 11.2.0
- name: keycloak
  repository: https://charts.bitnami.com/bitnami
  version: 7.1.17
digest: sha256:d0961f08b6cff596ffdc526cbba90c6357ac9e754e8bec777b3c65079219ecf7
generated: "2022-04-28T12:03:15.4653545+02:00"
